{
  "name": "agent-orchestration",
  "version": "0.1.0",
  "lockfileVersion": 3,
  "requires": true,
  "packages": {
    "": {
      "name": "agent-orchestration",
      "version": "0.1.0",
      "bin": {
        "pi": "dist/apps/pi-orchestrator/src/index.js"
      },
      "devDependencies": {},
      "engines": {
        "node": ">=20"
      }
    }
  }
}
